
Microsoft Visual Studio Solution File, Format Version 12.00
# Visual Studio Version 16
VisualStudioVersion = 16.0.31911.196
MinimumVisualStudioVersion = 10.0.40219.1
Project("{FAE04EC0-301F-11D3-BF4B-00C04F79EFBC}") = "indi1", "indi1\indi1.csproj", "{7882D413-58B9-4CCA-B5F4-DE060A31DB54}"
EndProject
Global
	GlobalSection(SolutionConfigurationPlatforms) = preSolution
		Debug|Any CPU = Debug|Any CPU
		Release|Any CPU = Release|Any CPU
	EndGlobalSection
	GlobalSection(ProjectConfigurationPlatforms) = postSolution
		{7882D413-58B9-4CCA-B5F4-DE060A31DB54}.Debug|Any CPU.ActiveCfg = Debug|Any CPU
		{7882D413-58B9-4CCA-B5F4-DE060A31DB54}.Debug|Any CPU.Build.0 = Debug|Any CPU
		{7882D413-58B9-4CCA-B5F4-DE060A31DB54}.Release|Any CPU.ActiveCfg = Release|Any CPU
		{7882D413-58B9-4CCA-B5F4-DE060A31DB54}.Release|Any CPU.Build.0 = Release|Any CPU
	EndGlobalSection
	GlobalSection(SolutionProperties) = preSolution
		HideSolutionNode = FALSE
	EndGlobalSection
	GlobalSection(ExtensibilityGlobals) = postSolution
		SolutionGuid = {E4216F7F-EE32-4C8C-BDDF-211B7E9FF62E}
	EndGlobalSection
EndGlobal
