
Microsoft Visual Studio Solution File, Format Version 12.00
# Visual Studio Version 16
VisualStudioVersion = 16.0.31911.196
MinimumVisualStudioVersion = 10.0.40219.1
Project("{FAE04EC0-301F-11D3-BF4B-00C04F79EFBC}") = "z7", "z7\z7.csproj", "{1F9E79BF-39A6-4E0A-9181-D72C59585DDF}"
EndProject
Global
	GlobalSection(SolutionConfigurationPlatforms) = preSolution
		Debug|Any CPU = Debug|Any CPU
		Release|Any CPU = Release|Any CPU
	EndGlobalSection
	GlobalSection(ProjectConfigurationPlatforms) = postSolution
		{1F9E79BF-39A6-4E0A-9181-D72C59585DDF}.Debug|Any CPU.ActiveCfg = Debug|Any CPU
		{1F9E79BF-39A6-4E0A-9181-D72C59585DDF}.Debug|Any CPU.Build.0 = Debug|Any CPU
		{1F9E79BF-39A6-4E0A-9181-D72C59585DDF}.Release|Any CPU.ActiveCfg = Release|Any CPU
		{1F9E79BF-39A6-4E0A-9181-D72C59585DDF}.Release|Any CPU.Build.0 = Release|Any CPU
	EndGlobalSection
	GlobalSection(SolutionProperties) = preSolution
		HideSolutionNode = FALSE
	EndGlobalSection
	GlobalSection(ExtensibilityGlobals) = postSolution
		SolutionGuid = {6B60243E-DDE7-4659-9B1E-E30A410607EA}
	EndGlobalSection
EndGlobal
